
Microsoft Visual Studio Solution File, Format Version 12.00
# Visual Studio 14
VisualStudioVersion = 14.0.25420.1
MinimumVisualStudioVersion = 10.0.40219.1
Project("{FAE04EC0-301F-11D3-BF4B-00C04F79EFBC}") = "NLayerApp.WEB", "NLayerApp.WEB\NLayerApp.WEB.csproj", "{4A63EA8B-25DA-4312-A979-1517D27EAE63}"
EndProject
Project("{FAE04EC0-301F-11D3-BF4B-00C04F79EFBC}") = "NLayerApp.DataAccessLayer", "NLayerApp.DataAccessLayer\NLayerApp.DataAccessLayer.csproj", "{EDF7C1A6-8B8F-456B-BC8D-693100C937DF}"
EndProject
Project("{FAE04EC0-301F-11D3-BF4B-00C04F79EFBC}") = "NLayerApp.BusinessLogicLayer", "NLayerApp.BusinessLogicLayer\NLayerApp.BusinessLogicLayer.csproj", "{F5C04D63-ECA1-4295-83BE-6CDAB91A5AEB}"
EndProject
Global
	GlobalSection(SolutionConfigurationPlatforms) = preSolution
		Debug|Any CPU = Debug|Any CPU
		Release|Any CPU = Release|Any CPU
	EndGlobalSection
	GlobalSection(ProjectConfigurationPlatforms) = postSolution
		{4A63EA8B-25DA-4312-A979-1517D27EAE63}.Debug|Any CPU.ActiveCfg = Debug|Any CPU
		{4A63EA8B-25DA-4312-A979-1517D27EAE63}.Debug|Any CPU.Build.0 = Debug|Any CPU
		{4A63EA8B-25DA-4312-A979-1517D27EAE63}.Release|Any CPU.ActiveCfg = Release|Any CPU
		{4A63EA8B-25DA-4312-A979-1517D27EAE63}.Release|Any CPU.Build.0 = Release|Any CPU
		{EDF7C1A6-8B8F-456B-BC8D-693100C937DF}.Debug|Any CPU.ActiveCfg = Debug|Any CPU
		{EDF7C1A6-8B8F-456B-BC8D-693100C937DF}.Debug|Any CPU.Build.0 = Debug|Any CPU
		{EDF7C1A6-8B8F-456B-BC8D-693100C937DF}.Release|Any CPU.ActiveCfg = Release|Any CPU
		{EDF7C1A6-8B8F-456B-BC8D-693100C937DF}.Release|Any CPU.Build.0 = Release|Any CPU
		{F5C04D63-ECA1-4295-83BE-6CDAB91A5AEB}.Debug|Any CPU.ActiveCfg = Debug|Any CPU
		{F5C04D63-ECA1-4295-83BE-6CDAB91A5AEB}.Debug|Any CPU.Build.0 = Debug|Any CPU
		{F5C04D63-ECA1-4295-83BE-6CDAB91A5AEB}.Release|Any CPU.ActiveCfg = Release|Any CPU
		{F5C04D63-ECA1-4295-83BE-6CDAB91A5AEB}.Release|Any CPU.Build.0 = Release|Any CPU
	EndGlobalSection
	GlobalSection(SolutionProperties) = preSolution
		HideSolutionNode = FALSE
	EndGlobalSection
EndGlobal
